
Microsoft Visual Studio Solution File, Format Version 12.00
# Visual Studio Version 16
VisualStudioVersion = 16.0.31624.102
MinimumVisualStudioVersion = 10.0.40219.1
Project("{FAE04EC0-301F-11D3-BF4B-00C04F79EFBC}") = "Calculator", "Calculator\Calculator.csproj", "{6BD29833-7C3F-4484-B984-7577B16F50CC}"
EndProject
Global
	GlobalSection(SolutionConfigurationPlatforms) = preSolution
		Debug|Any CPU = Debug|Any CPU
		Release|Any CPU = Release|Any CPU
	EndGlobalSection
	GlobalSection(ProjectConfigurationPlatforms) = postSolution
		{6BD29833-7C3F-4484-B984-7577B16F50CC}.Debug|Any CPU.ActiveCfg = Debug|Any CPU
		{6BD29833-7C3F-4484-B984-7577B16F50CC}.Debug|Any CPU.Build.0 = Debug|Any CPU
		{6BD29833-7C3F-4484-B984-7577B16F50CC}.Release|Any CPU.ActiveCfg = Release|Any CPU
		{6BD29833-7C3F-4484-B984-7577B16F50CC}.Release|Any CPU.Build.0 = Release|Any CPU
	EndGlobalSection
	GlobalSection(SolutionProperties) = preSolution
		HideSolutionNode = FALSE
	EndGlobalSection
	GlobalSection(ExtensibilityGlobals) = postSolution
		SolutionGuid = {C4D78085-E767-438A-9FDC-CF8136240235}
	EndGlobalSection
EndGlobal
